{
  "name": "pro-competitive-pricing",
  "version": "1.0.0",
  "lockfileVersion": 3,
  "requires": true,
  "packages": {
    "": {
      "name": "pro-competitive-pricing",
      "version": "1.0.0",
      "license": "ISC",
      "dependencies": {
        "@fortawesome/pro-solid-svg-icons": "^6.4.0",
        "@fortawesome/sharp-regular-svg-icons": "^6.4.0"
      }
    },
    "node_modules/@fortawesome/fontawesome-common-types": {
      "version": "6.4.0",
      "resolved": "https://npm.fontawesome.com/@fortawesome/fontawesome-common-types/-/6.4.0/fontawesome-common-types-6.4.0.tgz",
      "integrity": "sha512-HNii132xfomg5QVZw0HwXXpN22s7VBHQBv9CeOu9tfJnhsWQNd2lmTNi8CSrnw5B+5YOmzu1UoPAyxaXsJ6RgQ==",
      "engines": {
        "node": ">=6"
      }
    },
    "node_modules/@fortawesome/pro-solid-svg-icons": {
      "version": "6.4.0",
      "resolved": "https://npm.fontawesome.com/@fortawesome/pro-solid-svg-icons/-/6.4.0/pro-solid-svg-icons-6.4.0.tgz",
      "integrity": "sha512-R54gxoqHAZdlSCmE7JYpQKT64Jgw59nQIyabT6oh3jsb70O4A3ea+ojVBCKsvoW4UhYe1IOXS1o4PqDEW8Y7Tg==",
      "dependencies": {
        "@fortawesome/fontawesome-common-types": "6.4.0"
      },
      "engines": {
        "node": ">=6"
      }
    },
    "node_modules/@fortawesome/sharp-regular-svg-icons": {
      "version": "6.4.0",
      "resolved": "https://npm.fontawesome.com/@fortawesome/sharp-regular-svg-icons/-/6.4.0/sharp-regular-svg-icons-6.4.0.tgz",
      "integrity": "sha512-XXZZ/5YTGjZbBQzTtRgd30oHaAvA1GCE9wRIibyhpbr9G+vMWUBdSWOEnawqo3nJJnvhc2J1lhEtMIRRQHXplQ==",
      "dependencies": {
        "@fortawesome/fontawesome-common-types": "6.4.0"
      },
      "engines": {
        "node": ">=6"
      }
    }
  }
}
